
Microsoft Visual Studio Solution File, Format Version 12.00
# Visual Studio Version 17
VisualStudioVersion = 17.11.35327.3
MinimumVisualStudioVersion = 10.0.40219.1
Project("{FAE04EC0-301F-11D3-BF4B-00C04F79EFBC}") = "GoSeed.Backend", "GoSeed.Backend\GoSeed.Backend.csproj", "{349A2E03-6FB7-4ABC-A28D-AA819F47A020}"
EndProject
Project("{FAE04EC0-301F-11D3-BF4B-00C04F79EFBC}") = "GoSeed.Shared", "GoSeed.Shared\GoSeed.Shared.csproj", "{2C14B865-4F88-4664-B69C-DB2AC56FA0A6}"
EndProject
Global
	GlobalSection(SolutionConfigurationPlatforms) = preSolution
		Debug|Any CPU = Debug|Any CPU
		Release|Any CPU = Release|Any CPU
	EndGlobalSection
	GlobalSection(ProjectConfigurationPlatforms) = postSolution
		{349A2E03-6FB7-4ABC-A28D-AA819F47A020}.Debug|Any CPU.ActiveCfg = Debug|Any CPU
		{349A2E03-6FB7-4ABC-A28D-AA819F47A020}.Debug|Any CPU.Build.0 = Debug|Any CPU
		{349A2E03-6FB7-4ABC-A28D-AA819F47A020}.Release|Any CPU.ActiveCfg = Release|Any CPU
		{349A2E03-6FB7-4ABC-A28D-AA819F47A020}.Release|Any CPU.Build.0 = Release|Any CPU
		{2C14B865-4F88-4664-B69C-DB2AC56FA0A6}.Debug|Any CPU.ActiveCfg = Debug|Any CPU
		{2C14B865-4F88-4664-B69C-DB2AC56FA0A6}.Debug|Any CPU.Build.0 = Debug|Any CPU
		{2C14B865-4F88-4664-B69C-DB2AC56FA0A6}.Release|Any CPU.ActiveCfg = Release|Any CPU
		{2C14B865-4F88-4664-B69C-DB2AC56FA0A6}.Release|Any CPU.Build.0 = Release|Any CPU
	EndGlobalSection
	GlobalSection(SolutionProperties) = preSolution
		HideSolutionNode = FALSE
	EndGlobalSection
	GlobalSection(ExtensibilityGlobals) = postSolution
		SolutionGuid = {1C6B3A62-73E3-4236-8D43-13065FAFAB32}
	EndGlobalSection
EndGlobal
